
Microsoft Visual Studio Solution File, Format Version 12.00
# Visual Studio Version 16
VisualStudioVersion = 25.0.1706.9
MinimumVisualStudioVersion = 10.0.40219.1
Project("{FAE04EC0-301F-11D3-BF4B-00C04F79EFBC}") = "DevelopNetApp_Homework_01_Server", "DevelopNetApp_Homework_01_Client\DevelopNetApp_Homework_01_Server.csproj", "{7DCB1273-3702-49A2-AE74-3EA9A883F119}"
EndProject
Project("{FAE04EC0-301F-11D3-BF4B-00C04F79EFBC}") = "DevelopNetApp_Homework_01_Client", "Client\DevelopNetApp_Homework_01_Client.csproj", "{E7F564C9-F58A-4416-8020-B724EBA80AC8}"
EndProject
Global
	GlobalSection(SolutionConfigurationPlatforms) = preSolution
		Debug|Any CPU = Debug|Any CPU
		Release|Any CPU = Release|Any CPU
	EndGlobalSection
	GlobalSection(ProjectConfigurationPlatforms) = postSolution
		{7DCB1273-3702-49A2-AE74-3EA9A883F119}.Debug|Any CPU.ActiveCfg = Debug|Any CPU
		{7DCB1273-3702-49A2-AE74-3EA9A883F119}.Debug|Any CPU.Build.0 = Debug|Any CPU
		{7DCB1273-3702-49A2-AE74-3EA9A883F119}.Release|Any CPU.ActiveCfg = Release|Any CPU
		{7DCB1273-3702-49A2-AE74-3EA9A883F119}.Release|Any CPU.Build.0 = Release|Any CPU
		{E7F564C9-F58A-4416-8020-B724EBA80AC8}.Debug|Any CPU.ActiveCfg = Debug|Any CPU
		{E7F564C9-F58A-4416-8020-B724EBA80AC8}.Debug|Any CPU.Build.0 = Debug|Any CPU
		{E7F564C9-F58A-4416-8020-B724EBA80AC8}.Release|Any CPU.ActiveCfg = Release|Any CPU
		{E7F564C9-F58A-4416-8020-B724EBA80AC8}.Release|Any CPU.Build.0 = Release|Any CPU
	EndGlobalSection
	GlobalSection(SolutionProperties) = preSolution
		HideSolutionNode = FALSE
	EndGlobalSection
	GlobalSection(ExtensibilityGlobals) = postSolution
		SolutionGuid = {F372CBD4-15C4-4554-936E-0DD65B3C59BC}
	EndGlobalSection
EndGlobal
